
Microsoft Visual Studio Solution File, Format Version 12.00
# Visual Studio Version 17
VisualStudioVersion = 17.5.002.0
MinimumVisualStudioVersion = 10.0.40219.1
Project("{9A19103F-16F7-4668-BE54-9A1E7A4F7556}") = "BlazorApp", "BlazorApp.csproj", "{13E2BAED-1644-444B-9979-D1A57F4B9543}"
EndProject
Global
	GlobalSection(SolutionConfigurationPlatforms) = preSolution
		Debug|Any CPU = Debug|Any CPU
		Release|Any CPU = Release|Any CPU
	EndGlobalSection
	GlobalSection(ProjectConfigurationPlatforms) = postSolution
		{13E2BAED-1644-444B-9979-D1A57F4B9543}.Debug|Any CPU.ActiveCfg = Debug|Any CPU
		{13E2BAED-1644-444B-9979-D1A57F4B9543}.Debug|Any CPU.Build.0 = Debug|Any CPU
		{13E2BAED-1644-444B-9979-D1A57F4B9543}.Release|Any CPU.ActiveCfg = Release|Any CPU
		{13E2BAED-1644-444B-9979-D1A57F4B9543}.Release|Any CPU.Build.0 = Release|Any CPU
	EndGlobalSection
	GlobalSection(SolutionProperties) = preSolution
		HideSolutionNode = FALSE
	EndGlobalSection
	GlobalSection(ExtensibilityGlobals) = postSolution
		SolutionGuid = {2CECA227-AB5E-4EF5-B9DB-075475B2EDE7}
	EndGlobalSection
EndGlobal
